
Microsoft Visual Studio Solution File, Format Version 12.00
# Visual Studio Version 17
VisualStudioVersion = 17.1.32319.34
MinimumVisualStudioVersion = 10.0.40219.1
Project("{FAE04EC0-301F-11D3-BF4B-00C04F79EFBC}") = "complicatedPermissions", "complicatedPermissions.csproj", "{B648C61C-BA24-4EFD-8A1D-9C07DB72CBCB}"
EndProject
Global
	GlobalSection(SolutionConfigurationPlatforms) = preSolution
		Debug|Any CPU = Debug|Any CPU
		Release|Any CPU = Release|Any CPU
	EndGlobalSection
	GlobalSection(ProjectConfigurationPlatforms) = postSolution
		{B648C61C-BA24-4EFD-8A1D-9C07DB72CBCB}.Debug|Any CPU.ActiveCfg = Debug|Any CPU
		{B648C61C-BA24-4EFD-8A1D-9C07DB72CBCB}.Debug|Any CPU.Build.0 = Debug|Any CPU
		{B648C61C-BA24-4EFD-8A1D-9C07DB72CBCB}.Release|Any CPU.ActiveCfg = Release|Any CPU
		{B648C61C-BA24-4EFD-8A1D-9C07DB72CBCB}.Release|Any CPU.Build.0 = Release|Any CPU
	EndGlobalSection
	GlobalSection(SolutionProperties) = preSolution
		HideSolutionNode = FALSE
	EndGlobalSection
	GlobalSection(ExtensibilityGlobals) = postSolution
		SolutionGuid = {70A086DD-D4AB-49C7-AE62-4E553377D4ED}
	EndGlobalSection
EndGlobal
