
Microsoft Visual Studio Solution File, Format Version 12.00
# Visual Studio Version 17
VisualStudioVersion = 17.1.32319.34
MinimumVisualStudioVersion = 10.0.40219.1
Project("{FAE04EC0-301F-11D3-BF4B-00C04F79EFBC}") = "wordReversal", "wordReversal.csproj", "{C71D96AB-3569-4CB4-8B39-E4BDDB224207}"
EndProject
Global
	GlobalSection(SolutionConfigurationPlatforms) = preSolution
		Debug|Any CPU = Debug|Any CPU
		Release|Any CPU = Release|Any CPU
	EndGlobalSection
	GlobalSection(ProjectConfigurationPlatforms) = postSolution
		{C71D96AB-3569-4CB4-8B39-E4BDDB224207}.Debug|Any CPU.ActiveCfg = Debug|Any CPU
		{C71D96AB-3569-4CB4-8B39-E4BDDB224207}.Debug|Any CPU.Build.0 = Debug|Any CPU
		{C71D96AB-3569-4CB4-8B39-E4BDDB224207}.Release|Any CPU.ActiveCfg = Release|Any CPU
		{C71D96AB-3569-4CB4-8B39-E4BDDB224207}.Release|Any CPU.Build.0 = Release|Any CPU
	EndGlobalSection
	GlobalSection(SolutionProperties) = preSolution
		HideSolutionNode = FALSE
	EndGlobalSection
	GlobalSection(ExtensibilityGlobals) = postSolution
		SolutionGuid = {ED25551B-8F58-4881-993B-9F389B419E2C}
	EndGlobalSection
EndGlobal
