
Microsoft Visual Studio Solution File, Format Version 12.00
# Visual Studio Version 17
VisualStudioVersion = 17.1.32319.34
MinimumVisualStudioVersion = 10.0.40219.1
Project("{FAE04EC0-301F-11D3-BF4B-00C04F79EFBC}") = "rpgBattle", "rpgBattle.csproj", "{F67FB70B-6925-4709-8F40-3E7DF18CB413}"
EndProject
Global
	GlobalSection(SolutionConfigurationPlatforms) = preSolution
		Debug|Any CPU = Debug|Any CPU
		Release|Any CPU = Release|Any CPU
	EndGlobalSection
	GlobalSection(ProjectConfigurationPlatforms) = postSolution
		{F67FB70B-6925-4709-8F40-3E7DF18CB413}.Debug|Any CPU.ActiveCfg = Debug|Any CPU
		{F67FB70B-6925-4709-8F40-3E7DF18CB413}.Debug|Any CPU.Build.0 = Debug|Any CPU
		{F67FB70B-6925-4709-8F40-3E7DF18CB413}.Release|Any CPU.ActiveCfg = Release|Any CPU
		{F67FB70B-6925-4709-8F40-3E7DF18CB413}.Release|Any CPU.Build.0 = Release|Any CPU
	EndGlobalSection
	GlobalSection(SolutionProperties) = preSolution
		HideSolutionNode = FALSE
	EndGlobalSection
	GlobalSection(ExtensibilityGlobals) = postSolution
		SolutionGuid = {710D69F5-42F7-4EA6-A8E4-87997ED89D40}
	EndGlobalSection
EndGlobal
